
Microsoft Visual Studio Solution File, Format Version 12.00
# Visual Studio Version 17
VisualStudioVersion = 17.7.34202.233
MinimumVisualStudioVersion = 10.0.40219.1
Project("{9A19103F-16F7-4668-BE54-9A1E7A4F7556}") = "ProductionPlanner.Application", "ProductionPlanner.Application\ProductionPlanner.Application.csproj", "{BC081E98-3D36-45D0-8E37-32493EE570CB}"
EndProject
Project("{9A19103F-16F7-4668-BE54-9A1E7A4F7556}") = "ProductionPlanner.Domain", "ProductionPlanner.Domain\ProductionPlanner.Domain.csproj", "{CC9FBD98-B965-4AF9-BA21-F0674E7E0DBA}"
EndProject
Project("{9A19103F-16F7-4668-BE54-9A1E7A4F7556}") = "ProductionPlanner.Api", "ProductionPlanner.Api\ProductionPlanner.Api.csproj", "{8A1E1B1D-C355-4039-A79C-20E8A0477D14}"
EndProject
Global
	GlobalSection(SolutionConfigurationPlatforms) = preSolution
		Debug|Any CPU = Debug|Any CPU
		Release|Any CPU = Release|Any CPU
	EndGlobalSection
	GlobalSection(ProjectConfigurationPlatforms) = postSolution
		{BC081E98-3D36-45D0-8E37-32493EE570CB}.Debug|Any CPU.ActiveCfg = Debug|Any CPU
		{BC081E98-3D36-45D0-8E37-32493EE570CB}.Debug|Any CPU.Build.0 = Debug|Any CPU
		{BC081E98-3D36-45D0-8E37-32493EE570CB}.Release|Any CPU.ActiveCfg = Release|Any CPU
		{BC081E98-3D36-45D0-8E37-32493EE570CB}.Release|Any CPU.Build.0 = Release|Any CPU
		{CC9FBD98-B965-4AF9-BA21-F0674E7E0DBA}.Debug|Any CPU.ActiveCfg = Debug|Any CPU
		{CC9FBD98-B965-4AF9-BA21-F0674E7E0DBA}.Debug|Any CPU.Build.0 = Debug|Any CPU
		{CC9FBD98-B965-4AF9-BA21-F0674E7E0DBA}.Release|Any CPU.ActiveCfg = Release|Any CPU
		{CC9FBD98-B965-4AF9-BA21-F0674E7E0DBA}.Release|Any CPU.Build.0 = Release|Any CPU
		{8A1E1B1D-C355-4039-A79C-20E8A0477D14}.Debug|Any CPU.ActiveCfg = Debug|Any CPU
		{8A1E1B1D-C355-4039-A79C-20E8A0477D14}.Debug|Any CPU.Build.0 = Debug|Any CPU
		{8A1E1B1D-C355-4039-A79C-20E8A0477D14}.Release|Any CPU.ActiveCfg = Release|Any CPU
		{8A1E1B1D-C355-4039-A79C-20E8A0477D14}.Release|Any CPU.Build.0 = Release|Any CPU
	EndGlobalSection
	GlobalSection(SolutionProperties) = preSolution
		HideSolutionNode = FALSE
	EndGlobalSection
	GlobalSection(ExtensibilityGlobals) = postSolution
		SolutionGuid = {9C43EAB1-7CD7-4DAA-A8CA-489B77D02618}
	EndGlobalSection
EndGlobal
